
Microsoft Visual Studio Solution File, Format Version 12.00
# Visual Studio Version 17
VisualStudioVersion = 17.1.32210.238
MinimumVisualStudioVersion = 10.0.40219.1
Project("{2150E333-8FDC-42A3-9474-1A3956D46DE8}") = "Presentation", "Presentation", "{4E13565F-AF50-4D27-A8E5-A361FE0F127F}"
EndProject
Project("{2150E333-8FDC-42A3-9474-1A3956D46DE8}") = "Business", "Business", "{422131CB-AA58-42B9-BBD6-531EF0D64BDF}"
EndProject
Project("{2150E333-8FDC-42A3-9474-1A3956D46DE8}") = "DataAccess", "DataAccess", "{ADD330CB-A5E7-48AD-9F8E-4003A46F03C1}"
EndProject
Project("{2150E333-8FDC-42A3-9474-1A3956D46DE8}") = "CrossCutting", "CrossCutting", "{AED01031-2F04-4E75-A292-808EDF3E4524}"
EndProject
Project("{2150E333-8FDC-42A3-9474-1A3956D46DE8}") = "src", "src", "{609D95C8-AE7C-49FD-A345-C456C869E001}"
EndProject
Project("{2150E333-8FDC-42A3-9474-1A3956D46DE8}") = "tests", "tests", "{3D08065E-3558-4948-9492-F756863346FD}"
EndProject
Project("{FAE04EC0-301F-11D3-BF4B-00C04F79EFBC}") = "DataAccess", "src\DataAccess\DataAccess\DataAccess.csproj", "{D58A98DA-CC4D-453B-940C-6A0E903B92EF}"
EndProject
Project("{FAE04EC0-301F-11D3-BF4B-00C04F79EFBC}") = "DataAccess.Interfaces", "src\DataAccess\DataAccess.Interfaces\DataAccess.Interfaces.csproj", "{E46F1CF4-1E33-415C-B9A9-B44A09A08434}"
EndProject
Project("{2150E333-8FDC-42A3-9474-1A3956D46DE8}") = "Domain", "Domain", "{7226C094-5936-4C55-BFF1-C8231E0F8497}"
EndProject
Project("{FAE04EC0-301F-11D3-BF4B-00C04F79EFBC}") = "Entities", "src\Domain\Entities\Entities.csproj", "{EF7C7927-44B8-4D74-990D-FC0C048E6ADA}"
EndProject
Project("{2150E333-8FDC-42A3-9474-1A3956D46DE8}") = "DataAccess", "DataAccess", "{4E14E91F-6A86-45DC-8E84-FA7AFEAF5B16}"
EndProject
Project("{FAE04EC0-301F-11D3-BF4B-00C04F79EFBC}") = "Business.Interfaces", "src\Business\Business.Interfaces\Business.Interfaces.csproj", "{013B1087-A0FB-4394-B55C-3C7B1A040A5E}"
EndProject
Project("{FAE04EC0-301F-11D3-BF4B-00C04F79EFBC}") = "Business", "src\Business\Business\Business.csproj", "{2D7500FF-730F-4EB5-87B8-52A1E0311083}"
EndProject
Global
	GlobalSection(SolutionConfigurationPlatforms) = preSolution
		Debug|Any CPU = Debug|Any CPU
		Release|Any CPU = Release|Any CPU
	EndGlobalSection
	GlobalSection(ProjectConfigurationPlatforms) = postSolution
		{D58A98DA-CC4D-453B-940C-6A0E903B92EF}.Debug|Any CPU.ActiveCfg = Debug|Any CPU
		{D58A98DA-CC4D-453B-940C-6A0E903B92EF}.Debug|Any CPU.Build.0 = Debug|Any CPU
		{D58A98DA-CC4D-453B-940C-6A0E903B92EF}.Release|Any CPU.ActiveCfg = Release|Any CPU
		{D58A98DA-CC4D-453B-940C-6A0E903B92EF}.Release|Any CPU.Build.0 = Release|Any CPU
		{E46F1CF4-1E33-415C-B9A9-B44A09A08434}.Debug|Any CPU.ActiveCfg = Debug|Any CPU
		{E46F1CF4-1E33-415C-B9A9-B44A09A08434}.Debug|Any CPU.Build.0 = Debug|Any CPU
		{E46F1CF4-1E33-415C-B9A9-B44A09A08434}.Release|Any CPU.ActiveCfg = Release|Any CPU
		{E46F1CF4-1E33-415C-B9A9-B44A09A08434}.Release|Any CPU.Build.0 = Release|Any CPU
		{EF7C7927-44B8-4D74-990D-FC0C048E6ADA}.Debug|Any CPU.ActiveCfg = Debug|Any CPU
		{EF7C7927-44B8-4D74-990D-FC0C048E6ADA}.Debug|Any CPU.Build.0 = Debug|Any CPU
		{EF7C7927-44B8-4D74-990D-FC0C048E6ADA}.Release|Any CPU.ActiveCfg = Release|Any CPU
		{EF7C7927-44B8-4D74-990D-FC0C048E6ADA}.Release|Any CPU.Build.0 = Release|Any CPU
		{013B1087-A0FB-4394-B55C-3C7B1A040A5E}.Debug|Any CPU.ActiveCfg = Debug|Any CPU
		{013B1087-A0FB-4394-B55C-3C7B1A040A5E}.Debug|Any CPU.Build.0 = Debug|Any CPU
		{013B1087-A0FB-4394-B55C-3C7B1A040A5E}.Release|Any CPU.ActiveCfg = Release|Any CPU
		{013B1087-A0FB-4394-B55C-3C7B1A040A5E}.Release|Any CPU.Build.0 = Release|Any CPU
		{2D7500FF-730F-4EB5-87B8-52A1E0311083}.Debug|Any CPU.ActiveCfg = Debug|Any CPU
		{2D7500FF-730F-4EB5-87B8-52A1E0311083}.Debug|Any CPU.Build.0 = Debug|Any CPU
		{2D7500FF-730F-4EB5-87B8-52A1E0311083}.Release|Any CPU.ActiveCfg = Release|Any CPU
		{2D7500FF-730F-4EB5-87B8-52A1E0311083}.Release|Any CPU.Build.0 = Release|Any CPU
	EndGlobalSection
	GlobalSection(SolutionProperties) = preSolution
		HideSolutionNode = FALSE
	EndGlobalSection
	GlobalSection(NestedProjects) = preSolution
		{4E13565F-AF50-4D27-A8E5-A361FE0F127F} = {609D95C8-AE7C-49FD-A345-C456C869E001}
		{422131CB-AA58-42B9-BBD6-531EF0D64BDF} = {609D95C8-AE7C-49FD-A345-C456C869E001}
		{ADD330CB-A5E7-48AD-9F8E-4003A46F03C1} = {609D95C8-AE7C-49FD-A345-C456C869E001}
		{AED01031-2F04-4E75-A292-808EDF3E4524} = {609D95C8-AE7C-49FD-A345-C456C869E001}
		{D58A98DA-CC4D-453B-940C-6A0E903B92EF} = {ADD330CB-A5E7-48AD-9F8E-4003A46F03C1}
		{E46F1CF4-1E33-415C-B9A9-B44A09A08434} = {ADD330CB-A5E7-48AD-9F8E-4003A46F03C1}
		{7226C094-5936-4C55-BFF1-C8231E0F8497} = {609D95C8-AE7C-49FD-A345-C456C869E001}
		{EF7C7927-44B8-4D74-990D-FC0C048E6ADA} = {7226C094-5936-4C55-BFF1-C8231E0F8497}
		{4E14E91F-6A86-45DC-8E84-FA7AFEAF5B16} = {3D08065E-3558-4948-9492-F756863346FD}
		{013B1087-A0FB-4394-B55C-3C7B1A040A5E} = {422131CB-AA58-42B9-BBD6-531EF0D64BDF}
		{2D7500FF-730F-4EB5-87B8-52A1E0311083} = {422131CB-AA58-42B9-BBD6-531EF0D64BDF}
	EndGlobalSection
	GlobalSection(ExtensibilityGlobals) = postSolution
		SolutionGuid = {11FFFC38-3EAE-4E44-813C-2218C82075A0}
	EndGlobalSection
EndGlobal
